PODS:
  - Capacitor (5.2.3):
    - CapacitorCordova
  - CapacitorApp (5.0.6):
    - Capacitor
  - CapacitorCommunityFacebookLogin (5.0.3):
    - Capacitor
    - FBSDKCoreKit (= 16.1.3)
    - FBSDKLoginKit (= 16.1.3)
  - CapacitorCordova (5.2.3)
  - CapacitorPreferences (5.0.6):
    - Capacitor
  - FBAEMKit (16.1.3):
    - FBSDKCoreKit_Basics (= 16.1.3)
  - FBSDKCoreKit (16.1.3):
    - FBAEMKit (= 16.1.3)
    - FBSDKCoreKit_Basics (= 16.1.3)
  - FBSDKCoreKit_Basics (16.1.3)
  - FBSDKLoginKit (16.1.3):
    - FBSDKCoreKit (= 16.1.3)

DEPENDENCIES:
  - "Capacitor (from `../../node_modules/@capacitor/ios`)"
  - "CapacitorApp (from `../../node_modules/@capacitor/app`)"
  - "CapacitorCommunityFacebookLogin (from `../../node_modules/@capacitor-community/facebook-login`)"
  - "CapacitorCordova (from `../../node_modules/@capacitor/ios`)"
  - "CapacitorPreferences (from `../../node_modules/@capacitor/preferences`)"

SPEC REPOS:
  trunk:
    - FBAEMKit
    - FBSDKCoreKit
    - FBSDKCoreKit_Basics
    - FBSDKLoginKit

EXTERNAL SOURCES:
  Capacitor:
    :path: "../../node_modules/@capacitor/ios"
  CapacitorApp:
    :path: "../../node_modules/@capacitor/app"
  CapacitorCommunityFacebookLogin:
    :path: "../../node_modules/@capacitor-community/facebook-login"
  CapacitorCordova:
    :path: "../../node_modules/@capacitor/ios"
  CapacitorPreferences:
    :path: "../../node_modules/@capacitor/preferences"

SPEC CHECKSUMS:
  Capacitor: 6f44cbc33839b8a4202b8eac97041fe584083417
  CapacitorApp: 024e1b1bea5f883d79f6330d309bc441c88ad04a
  CapacitorCommunityFacebookLogin: c0e2bb54cb567d90443a80ae20569fdac0df3f89
  CapacitorCordova: 35def3ebfdef491f0a7b652816eb873ff4b20bbf
  CapacitorPreferences: f03954bcb0ff09c792909e46bff88e3183c16b10
  FBAEMKit: af2972f39bb0f3f7c45998f435b007833c32ffb2
  FBSDKCoreKit: 19e2e18b3be578d7a51fed8fdd8c152bef0b9511
  FBSDKCoreKit_Basics: dd9826ce3c9fd9f8cdf8dbbd0ef0a53e6c0c9e7e
  FBSDKLoginKit: c395c63a1a6cf4a8a1e6103fd94b8c46329ee81c

PODFILE CHECKSUM: 353faffb184534cd46a84d568b731c0362753025

COCOAPODS: 1.13.0
